// !$*UTF8*$!
{
	archiveVersion = 1;
	classes = {
	};
	objectVersion = 55;
	objects = {

/* Begin PBXBuildFile section */
		C63A203327B9480B0083059E /* main.c in Sources */ = {isa = PBXBuildFile; fileRef = C63A203227B9480B0083059E /* main.c */; };
		C63A203D27B9484A0083059E /* database_helper.c in Sources */ = {isa = PBXBuildFile; fileRef = C63A203C27B9484A0083059E /* database_helper.c */; };
		C6A940F727C088FC00A70C4C /* outputer.c in Sources */ = {isa = PBXBuildFile; fileRef = C6A940F627C088FC00A70C4C /* outputer.c */; };
/* End PBXBuildFile section */

/* Begin PBXCopyFilesBuildPhase section */
		C63A202D27B9480B0083059E /* CopyFiles */ = {
			isa = PBXCopyFilesBuildPhase;
			buildActionMask = 2147483647;
			dstPath = /usr/share/man/man1/;
			dstSubfolderSpec = 0;
			files = (
			);
			runOnlyForDeploymentPostprocessing = 1;
		};
/* End PBXCopyFilesBuildPhase section */

/* Begin PBXFileReference section */
		C63A202F27B9480B0083059E /* notes */ = {isa = PBXFileReference; explicitFileType = "compiled.mach-o.executable"; includeInIndex = 0; path = notes; sourceTree = BUILT_PRODUCTS_DIR; };
		C63A203227B9480B0083059E /* main.c */ = {isa = PBXFileReference; lastKnownFileType = sourcecode.c.c; path = main.c; sourceTree = "<group>"; };
		C63A203B27B9484A0083059E /* database_helper.h */ = {isa = PBXFileReference; fileEncoding = 4; lastKnownFileType = sourcecode.c.h; path = database_helper.h; sourceTree = "<group>"; };
		C63A203C27B9484A0083059E /* database_helper.c */ = {isa = PBXFileReference; fileEncoding = 4; lastKnownFileType = sourcecode.c.c; path = database_helper.c; sourceTree = "<group>"; };
		C6A940F327BF511300A70C4C /* note.h */ = {isa = PBXFileReference; lastKnownFileType = sourcecode.c.h; path = note.h; sourceTree = "<group>"; };
		C6A940F527C088FC00A70C4C /* outputer.h */ = {isa = PBXFileReference; lastKnownFileType = sourcecode.c.h; path = outputer.h; sourceTree = "<group>"; };
		C6A940F627C088FC00A70C4C /* outputer.c */ = {isa = PBXFileReference; lastKnownFileType = sourcecode.c.c; path = outputer.c; sourceTree = "<group>"; };
/* End PBXFileReference section */

/* Begin PBXFrameworksBuildPhase section */
		C63A202C27B9480B0083059E /* Frameworks */ = {
			isa = PBXFrameworksBuildPhase;
			buildActionMask = 2147483647;
			files = (
			);
			runOnlyForDeploymentPostprocessing = 0;
		};
/* End PBXFrameworksBuildPhase section */

/* Begin PBXGroup section */
		C63A202627B9480B0083059E = {
			isa = PBXGroup;
			children = (
				C63A203127B9480B0083059E /* notes */,
				C63A203027B9480B0083059E /* Products */,
			);
			sourceTree = "<group>";
		};
		C63A203027B9480B0083059E /* Products */ = {
			isa = PBXGroup;
			children = (
				C63A202F27B9480B0083059E /* notes */,
			);
			name = Products;
			sourceTree = "<group>";
		};
		C63A203127B9480B0083059E /* notes */ = {
			isa = PBXGroup;
			children = (
				C63A203227B9480B0083059E /* main.c */,
				C6A940F227BF50F100A70C4C /* structs */,
				C6A940F427C088DB00A70C4C /* outputer */,
				C63A203927B948310083059E /* util */,
			);
			path = notes;
			sourceTree = "<group>";
		};
		C63A203927B948310083059E /* util */ = {
			isa = PBXGroup;
			children = (
				C63A203A27B948410083059E /* database_helper */,
			);
			path = util;
			sourceTree = "<group>";
		};
		C63A203A27B948410083059E /* database_helper */ = {
			isa = PBXGroup;
			children = (
				C63A203C27B9484A0083059E /* database_helper.c */,
				C63A203B27B9484A0083059E /* database_helper.h */,
			);
			path = database_helper;
			sourceTree = "<group>";
		};
		C6A940F227BF50F100A70C4C /* structs */ = {
			isa = PBXGroup;
			children = (
				C6A940F327BF511300A70C4C /* note.h */,
			);
			path = structs;
			sourceTree = "<group>";
		};
		C6A940F427C088DB00A70C4C /* outputer */ = {
			isa = PBXGroup;
			children = (
				C6A940F527C088FC00A70C4C /* outputer.h */,
				C6A940F627C088FC00A70C4C /* outputer.c */,
			);
			path = outputer;
			sourceTree = "<group>";
		};
/* End PBXGroup section */

/* Begin PBXNativeTarget section */
		C63A202E27B9480B0083059E /* notes */ = {
			isa = PBXNativeTarget;
			buildConfigurationList = C63A203627B9480B0083059E /* Build configuration list for PBXNativeTarget "notes" */;
			buildPhases = (
				C63A202B27B9480B0083059E /* Sources */,
				C63A202C27B9480B0083059E /* Frameworks */,
				C63A202D27B9480B0083059E /* CopyFiles */,
			);
			buildRules = (
			);
			dependencies = (
			);
			name = notes;
			productName = notes;
			productReference = C63A202F27B9480B0083059E /* notes */;
			productType = "com.apple.product-type.tool";
		};
/* End PBXNativeTarget section */

/* Begin PBXProject section */
		C63A202727B9480B0083059E /* Project object */ = {
			isa = PBXProject;
			attributes = {
				BuildIndependentTargetsInParallel = 1;
				LastUpgradeCheck = 1310;
				TargetAttributes = {
					C63A202E27B9480B0083059E = {
						CreatedOnToolsVersion = 13.1;
					};
				};
			};
			buildConfigurationList = C63A202A27B9480B0083059E /* Build configuration list for PBXProject "notes" */;
			compatibilityVersion = "Xcode 13.0";
			developmentRegion = en;
			hasScannedForEncodings = 0;
			knownRegions = (
				en,
				Base,
			);
			mainGroup = C63A202627B9480B0083059E;
			productRefGroup = C63A203027B9480B0083059E /* Products */;
			projectDirPath = "";
			projectRoot = "";
			targets = (
				C63A202E27B9480B0083059E /* notes */,
			);
		};
/* End PBXProject section */

/* Begin PBXSourcesBuildPhase section */
		C63A202B27B9480B0083059E /* Sources */ = {
			isa = PBXSourcesBuildPhase;
			buildActionMask = 2147483647;
			files = (
				C63A203D27B9484A0083059E /* database_helper.c in Sources */,
				C6A940F727C088FC00A70C4C /* outputer.c in Sources */,
				C63A203327B9480B0083059E /* main.c in Sources */,
			);
			runOnlyForDeploymentPostprocessing = 0;
		};
/* End PBXSourcesBuildPhase section */

/* Begin XCBuildConfiguration section */
		C63A203427B9480B0083059E /* Debug */ = {
			isa = XCBuildConfiguration;
			buildSettings = {
				ALWAYS_SEARCH_USER_PATHS = NO;
				CLANG_ANALYZER_NONNULL = YES;
				CLANG_ANALYZER_NUMBER_OBJECT_CONVERSION = YES_AGGRESSIVE;
				CLANG_CXX_LANGUAGE_STANDARD = "gnu++17";
				CLANG_CXX_LIBRARY = "libc++";
				CLANG_ENABLE_MODULES = YES;
				CLANG_ENABLE_OBJC_ARC = YES;
				CLANG_ENABLE_OBJC_WEAK = YES;
				CLANG_WARN_BLOCK_CAPTURE_AUTORELEASING = YES;
				CLANG_WARN_BOOL_CONVERSION = YES;
				CLANG_WARN_COMMA = YES;
				CLANG_WARN_CONSTANT_CONVERSION = YES;
				CLANG_WARN_DEPRECATED_OBJC_IMPLEMENTATIONS = YES;
				CLANG_WARN_DIRECT_OBJC_ISA_USAGE = YES_ERROR;
				CLANG_WARN_DOCUMENTATION_COMMENTS = YES;
				CLANG_WARN_EMPTY_BODY = YES;
				CLANG_WARN_ENUM_CONVERSION = YES;
				CLANG_WARN_INFINITE_RECURSION = YES;
				CLANG_WARN_INT_CONVERSION = YES;
				CLANG_WARN_NON_LITERAL_NULL_CONVERSION = YES;
				CLANG_WARN_OBJC_IMPLICIT_RETAIN_SELF = YES;
				CLANG_WARN_OBJC_LITERAL_CONVERSION = YES;
				CLANG_WARN_OBJC_ROOT_CLASS = YES_ERROR;
				CLANG_WARN_QUOTED_INCLUDE_IN_FRAMEWORK_HEADER = YES;
				CLANG_WARN_RANGE_LOOP_ANALYSIS = YES;
				CLANG_WARN_STRICT_PROTOTYPES = YES;
				CLANG_WARN_SUSPICIOUS_MOVE = YES;
				CLANG_WARN_UNGUARDED_AVAILABILITY = YES_AGGRESSIVE;
				CLANG_WARN_UNREACHABLE_CODE = YES;
				CLANG_WARN__DUPLICATE_METHOD_MATCH = YES;
				COPY_PHASE_STRIP = NO;
				DEBUG_INFORMATION_FORMAT = dwarf;
				ENABLE_STRICT_OBJC_MSGSEND = YES;
				ENABLE_TESTABILITY = YES;
				GCC_C_LANGUAGE_STANDARD = gnu11;
				GCC_DYNAMIC_NO_PIC = NO;
				GCC_NO_COMMON_BLOCKS = YES;
				GCC_OPTIMIZATION_LEVEL = 0;
				GCC_PREPROCESSOR_DEFINITIONS = (
					"DEBUG=1",
					"$(inherited)",
				);
				GCC_WARN_64_TO_32_BIT_CONVERSION = YES;
				GCC_WARN_ABOUT_RETURN_TYPE = YES_ERROR;
				GCC_WARN_UNDECLARED_SELECTOR = YES;
				GCC_WARN_UNINITIALIZED_AUTOS = YES_AGGRESSIVE;
				GCC_WARN_UNUSED_FUNCTION = YES;
				GCC_WARN_UNUSED_VARIABLE = YES;
				MACOSX_DEPLOYMENT_TARGET = 12.0;
				MTL_ENABLE_DEBUG_INFO = INCLUDE_SOURCE;
				MTL_FAST_MATH = YES;
				ONLY_ACTIVE_ARCH = YES;
				SDKROOT = macosx;
			};
			name = Debug;
		};
		C63A203527B9480B0083059E /* Release */ = {
			isa = XCBuildConfiguration;
			buildSettings = {
				ALWAYS_SEARCH_USER_PATHS = NO;
				CLANG_ANALYZER_NONNULL = YES;
				CLANG_ANALYZER_NUMBER_OBJECT_CONVERSION = YES_AGGRESSIVE;
				CLANG_CXX_LANGUAGE_STANDARD = "gnu++17";
				CLANG_CXX_LIBRARY = "libc++";
				CLANG_ENABLE_MODULES = YES;
				CLANG_ENABLE_OBJC_ARC = YES;
				CLANG_ENABLE_OBJC_WEAK = YES;
				CLANG_WARN_BLOCK_CAPTURE_AUTORELEASING = YES;
				CLANG_WARN_BOOL_CONVERSION = YES;
				CLANG_WARN_COMMA = YES;
				CLANG_WARN_CONSTANT_CONVERSION = YES;
				CLANG_WARN_DEPRECATED_OBJC_IMPLEMENTATIONS = YES;
				CLANG_WARN_DIRECT_OBJC_ISA_USAGE = YES_ERROR;
				CLANG_WARN_DOCUMENTATION_COMMENTS = YES;
				CLANG_WARN_EMPTY_BODY = YES;
				CLANG_WARN_ENUM_CONVERSION = YES;
				CLANG_WARN_INFINITE_RECURSION = YES;
				CLANG_WARN_INT_CONVERSION = YES;
				CLANG_WARN_NON_LITERAL_NULL_CONVERSION = YES;
				CLANG_WARN_OBJC_IMPLICIT_RETAIN_SELF = YES;
				CLANG_WARN_OBJC_LITERAL_CONVERSION = YES;
				CLANG_WARN_OBJC_ROOT_CLASS = YES_ERROR;
				CLANG_WARN_QUOTED_INCLUDE_IN_FRAMEWORK_HEADER = YES;
				CLANG_WARN_RANGE_LOOP_ANALYSIS = YES;
				CLANG_WARN_STRICT_PROTOTYPES = YES;
				CLANG_WARN_SUSPICIOUS_MOVE = YES;
				CLANG_WARN_UNGUARDED_AVAILABILITY = YES_AGGRESSIVE;
				CLANG_WARN_UNREACHABLE_CODE = YES;
				CLANG_WARN__DUPLICATE_METHOD_MATCH = YES;
				COPY_PHASE_STRIP = NO;
				DEBUG_INFORMATION_FORMAT = "dwarf-with-dsym";
				ENABLE_NS_ASSERTIONS = NO;
				ENABLE_STRICT_OBJC_MSGSEND = YES;
				GCC_C_LANGUAGE_STANDARD = gnu11;
				GCC_NO_COMMON_BLOCKS = YES;
				GCC_WARN_64_TO_32_BIT_CONVERSION = YES;
				GCC_WARN_ABOUT_RETURN_TYPE = YES_ERROR;
				GCC_WARN_UNDECLARED_SELECTOR = YES;
				GCC_WARN_UNINITIALIZED_AUTOS = YES_AGGRESSIVE;
				GCC_WARN_UNUSED_FUNCTION = YES;
				GCC_WARN_UNUSED_VARIABLE = YES;
				MACOSX_DEPLOYMENT_TARGET = 12.0;
				MTL_ENABLE_DEBUG_INFO = NO;
				MTL_FAST_MATH = YES;
				SDKROOT = macosx;
			};
			name = Release;
		};
		C63A203727B9480B0083059E /* Debug */ = {
			isa = XCBuildConfiguration;
			buildSettings = {
				CODE_SIGN_STYLE = Automatic;
				PRODUCT_NAME = "$(TARGET_NAME)";
			};
			name = Debug;
		};
		C63A203827B9480B0083059E /* Release */ = {
			isa = XCBuildConfiguration;
			buildSettings = {
				CODE_SIGN_STYLE = Automatic;
				PRODUCT_NAME = "$(TARGET_NAME)";
			};
			name = Release;
		};
/* End XCBuildConfiguration section */

/* Begin XCConfigurationList section */
		C63A202A27B9480B0083059E /* Build configuration list for PBXProject "notes" */ = {
			isa = XCConfigurationList;
			buildConfigurations = (
				C63A203427B9480B0083059E /* Debug */,
				C63A203527B9480B0083059E /* Release */,
			);
			defaultConfigurationIsVisible = 0;
			defaultConfigurationName = Release;
		};
		C63A203627B9480B0083059E /* Build configuration list for PBXNativeTarget "notes" */ = {
			isa = XCConfigurationList;
			buildConfigurations = (
				C63A203727B9480B0083059E /* Debug */,
				C63A203827B9480B0083059E /* Release */,
			);
			defaultConfigurationIsVisible = 0;
			defaultConfigurationName = Release;
		};
/* End XCConfigurationList section */
	};
	rootObject = C63A202727B9480B0083059E /* Project object */;
}
